Microsoft Visual Studio Solution File, Format Version 12.00
# Visual Studio Version 17
VisualStudioVersion = 17.1.32228.430
MinimumVisualStudioVersion = 15.0.26124.0
Project("{6EC3EE1D-3C4E-46DD-8F32-0CC8E7565705}") = "RethinkDb.Driver.FSharp", "RethinkDb.Driver.FSharp\RethinkDb.Driver.FSharp.fsproj", "{9026E009-55DC-454E-87B7-39B9CBAD8BF8}"
EndProject
Project("{F2A71F9B-5D33-465A-A702-920D77279786}") = "RethinkDb.Driver.FSharp.Tests", "RethinkDb.Driver.FSharp.Tests\RethinkDb.Driver.FSharp.Tests.fsproj", "{FC062B8C-81D5-4E0A-B3BA-A84541298BDB}"
EndProject
Global
	GlobalSection(SolutionConfigurationPlatforms) = preSolution
		Debug|Any CPU = Debug|Any CPU
		Debug|x64 = Debug|x64
		Debug|x86 = Debug|x86
		Release|Any CPU = Release|Any CPU
		Release|x64 = Release|x64
		Release|x86 = Release|x86
	EndGlobalSection
	GlobalSection(ProjectConfigurationPlatforms) = postSolution
		{9026E009-55DC-454E-87B7-39B9CBAD8BF8}.Debug|Any CPU.ActiveCfg = Debug|Any CPU
		{9026E009-55DC-454E-87B7-39B9CBAD8BF8}.Debug|Any CPU.Build.0 = Debug|Any CPU
		{9026E009-55DC-454E-87B7-39B9CBAD8BF8}.Debug|x64.ActiveCfg = Debug|Any CPU
		{9026E009-55DC-454E-87B7-39B9CBAD8BF8}.Debug|x64.Build.0 = Debug|Any CPU
		{9026E009-55DC-454E-87B7-39B9CBAD8BF8}.Debug|x86.ActiveCfg = Debug|Any CPU
		{9026E009-55DC-454E-87B7-39B9CBAD8BF8}.Debug|x86.Build.0 = Debug|Any CPU
		{9026E009-55DC-454E-87B7-39B9CBAD8BF8}.Release|Any CPU.ActiveCfg = Release|Any CPU
		{9026E009-55DC-454E-87B7-39B9CBAD8BF8}.Release|Any CPU.Build.0 = Release|Any CPU
		{9026E009-55DC-454E-87B7-39B9CBAD8BF8}.Release|x64.ActiveCfg = Release|Any CPU
		{9026E009-55DC-454E-87B7-39B9CBAD8BF8}.Release|x64.Build.0 = Release|Any CPU
		{9026E009-55DC-454E-87B7-39B9CBAD8BF8}.Release|x86.ActiveCfg = Release|Any CPU
		{9026E009-55DC-454E-87B7-39B9CBAD8BF8}.Release|x86.Build.0 = Release|Any CPU
		{FC062B8C-81D5-4E0A-B3BA-A84541298BDB}.Debug|Any CPU.ActiveCfg = Debug|Any CPU
		{FC062B8C-81D5-4E0A-B3BA-A84541298BDB}.Debug|Any CPU.Build.0 = Debug|Any CPU
		{FC062B8C-81D5-4E0A-B3BA-A84541298BDB}.Debug|x64.ActiveCfg = Debug|Any CPU
		{FC062B8C-81D5-4E0A-B3BA-A84541298BDB}.Debug|x64.Build.0 = Debug|Any CPU
		{FC062B8C-81D5-4E0A-B3BA-A84541298BDB}.Debug|x86.ActiveCfg = Debug|Any CPU
		{FC062B8C-81D5-4E0A-B3BA-A84541298BDB}.Debug|x86.Build.0 = Debug|Any CPU
		{FC062B8C-81D5-4E0A-B3BA-A84541298BDB}.Release|Any CPU.ActiveCfg = Release|Any CPU
		{FC062B8C-81D5-4E0A-B3BA-A84541298BDB}.Release|Any CPU.Build.0 = Release|Any CPU
		{FC062B8C-81D5-4E0A-B3BA-A84541298BDB}.Release|x64.ActiveCfg = Release|Any CPU
		{FC062B8C-81D5-4E0A-B3BA-A84541298BDB}.Release|x64.Build.0 = Release|Any CPU
		{FC062B8C-81D5-4E0A-B3BA-A84541298BDB}.Release|x86.ActiveCfg = Release|Any CPU
		{FC062B8C-81D5-4E0A-B3BA-A84541298BDB}.Release|x86.Build.0 = Release|Any CPU
	EndGlobalSection
	GlobalSection(SolutionProperties) = preSolution
		HideSolutionNode = FALSE
	EndGlobalSection
	GlobalSection(ExtensibilityGlobals) = postSolution
		SolutionGuid = {F557ECA4-998C-4FBE-9B59-ABFA3F8A84DF}
	EndGlobalSection
EndGlobal
